
Microsoft Visual Studio Solution File, Format Version 11.00
# Visual Studio 2010
Project("{8BC9CEB8-8B4A-11D0-8D11-00A0C91BC942}") = "Alone", "Alone\Alone.vcxproj", "{B39D07D0-C6B5-479A-8D8C-280EF9F497EB}"
EndProject
Global
	GlobalSection(SolutionConfigurationPlatforms) = preSolution
		Debug|Win32 = Debug|Win32
		Release|Win32 = Release|Win32
	EndGlobalSection
	GlobalSection(ProjectConfigurationPlatforms) = postSolution
		{B39D07D0-C6B5-479A-8D8C-280EF9F497EB}.Debug|Win32.ActiveCfg = Debug|Win32
		{B39D07D0-C6B5-479A-8D8C-280EF9F497EB}.Debug|Win32.Build.0 = Debug|Win32
		{B39D07D0-C6B5-479A-8D8C-280EF9F497EB}.Release|Win32.ActiveCfg = Release|Win32
		{B39D07D0-C6B5-479A-8D8C-280EF9F497EB}.Release|Win32.Build.0 = Release|Win32
	EndGlobalSection
	GlobalSection(SolutionProperties) = preSolution
		HideSolutionNode = FALSE
	EndGlobalSection
EndGlobal
